{
  "name": "assets",
  "lockfileVersion": 3,
  "requires": true,
  "packages": {
    "": {
      "dependencies": {
        "@vkontakte/superappkit": "^1.58.1"
      }
    },
    "node_modules/@vkontakte/superappkit": {
      "version": "1.58.1",
      "resolved": "https://registry.npmjs.org/@vkontakte/superappkit/-/superappkit-1.58.1.tgz",
      "integrity": "sha512-JShJGAgl1rtxoH6BhiFialg9CKYprzCKfc1Ok+B2F1znuynoyGnzBm9rMEFUu17JicFJRi6C2TSUDKGSwl2f4w==",
      "dependencies": {
        "@vkontakte/vkjs": "^0.20.0"
      }
    },
    "node_modules/@vkontakte/vkjs": {
      "version": "0.20.0",
      "resolved": "https://registry.npmjs.org/@vkontakte/vkjs/-/vkjs-0.20.0.tgz",
      "integrity": "sha512-bocEj9pcr6i6F0LN288xU3PX1MI4OJ3ZJXTa6kFx9IqEgk0CnoMtLAcuH2D7DzZAnc83DJCa/tuo9mT7XW035A=="
    }
  }
}
